
Microsoft Visual Studio Solution File, Format Version 12.00
# Visual Studio Version 17
VisualStudioVersion = 17.9.34616.47
MinimumVisualStudioVersion = 10.0.40219.1
Project("{FAE04EC0-301F-11D3-BF4B-00C04F79EFBC}") = "Musical Player", "Musical Player\Musical Player.csproj", "{2BDC57B0-2FCC-4080-B8CD-75B56108013D}"
EndProject
Project("{2150E333-8FDC-42A3-9474-1A3956D46DE8}") = "Solution Items", "Solution Items", "{A232D59A-F490-4643-AAE6-E6A4FF3EF30B}"
	ProjectSection(SolutionItems) = preProject
		.editorconfig = .editorconfig
	EndProjectSection
EndProject
Global
	GlobalSection(SolutionConfigurationPlatforms) = preSolution
		Debug|Any CPU = Debug|Any CPU
		Debug|x86 = Debug|x86
		Release|Any CPU = Release|Any CPU
		Release|x86 = Release|x86
	EndGlobalSection
	GlobalSection(ProjectConfigurationPlatforms) = postSolution
		{2BDC57B0-2FCC-4080-B8CD-75B56108013D}.Debug|Any CPU.ActiveCfg = Debug|Any CPU
		{2BDC57B0-2FCC-4080-B8CD-75B56108013D}.Debug|Any CPU.Build.0 = Debug|Any CPU
		{2BDC57B0-2FCC-4080-B8CD-75B56108013D}.Debug|x86.ActiveCfg = Debug|x86
		{2BDC57B0-2FCC-4080-B8CD-75B56108013D}.Debug|x86.Build.0 = Debug|x86
		{2BDC57B0-2FCC-4080-B8CD-75B56108013D}.Release|Any CPU.ActiveCfg = Release|Any CPU
		{2BDC57B0-2FCC-4080-B8CD-75B56108013D}.Release|Any CPU.Build.0 = Release|Any CPU
		{2BDC57B0-2FCC-4080-B8CD-75B56108013D}.Release|x86.ActiveCfg = Release|x86
		{2BDC57B0-2FCC-4080-B8CD-75B56108013D}.Release|x86.Build.0 = Release|x86
	EndGlobalSection
	GlobalSection(SolutionProperties) = preSolution
		HideSolutionNode = FALSE
	EndGlobalSection
	GlobalSection(ExtensibilityGlobals) = postSolution
		SolutionGuid = {FCCDCFFE-80BB-4870-BE4B-DC98DF5DACAE}
	EndGlobalSection
EndGlobal
